
Microsoft Visual Studio Solution File, Format Version 12.00
# Visual Studio Version 17
VisualStudioVersion = 17.13.35931.197
MinimumVisualStudioVersion = 10.0.40219.1
Project("{2150E333-8FDC-42A3-9474-1A3956D46DE8}") = "01.Presentation", "01.Presentation", "{02EA681E-C7D8-13C7-8484-4AC65E1B71E8}"
EndProject
Project("{2150E333-8FDC-42A3-9474-1A3956D46DE8}") = "02.Business", "02.Business", "{16EAE90C-B3D3-47F9-8107-F12587107D64}"
EndProject
Project("{2150E333-8FDC-42A3-9474-1A3956D46DE8}") = "03.Data.Access", "03.Data.Access", "{69BA233C-D6D9-49BE-84E5-6D05854C69CE}"
EndProject
Project("{FAE04EC0-301F-11D3-BF4B-00C04F79EFBC}") = "Presentation.Controllers", "Presentation.Controllers\Presentation.Controllers.csproj", "{C6D5C68B-B0A1-4463-BB32-AE96FCC0C672}"
	ProjectSection(ProjectDependencies) = postProject
		{220C17BF-9F03-4028-B53C-D4B76DC407B0} = {220C17BF-9F03-4028-B53C-D4B76DC407B0}
		{C03E6731-7FA0-41C1-AE14-690AFE0203AF} = {C03E6731-7FA0-41C1-AE14-690AFE0203AF}
	EndProjectSection
EndProject
Project("{FAE04EC0-301F-11D3-BF4B-00C04F79EFBC}") = "Presentation.VMs", "Presentation.VM\Presentation.VMs.csproj", "{C03E6731-7FA0-41C1-AE14-690AFE0203AF}"
	ProjectSection(ProjectDependencies) = postProject
		{A5272684-34F0-43A8-B18B-7CF670AE9A5C} = {A5272684-34F0-43A8-B18B-7CF670AE9A5C}
	EndProjectSection
EndProject
Project("{FAE04EC0-301F-11D3-BF4B-00C04F79EFBC}") = "Business.DTOs", "Business.DTOs\Business.DTOs.csproj", "{A5272684-34F0-43A8-B18B-7CF670AE9A5C}"
	ProjectSection(ProjectDependencies) = postProject
		{466EC207-F2EB-4855-9AC9-C1478BAF67E3} = {466EC207-F2EB-4855-9AC9-C1478BAF67E3}
	EndProjectSection
EndProject
Project("{FAE04EC0-301F-11D3-BF4B-00C04F79EFBC}") = "Business.Interfaces", "Business.Interfaces\Business.Interfaces.csproj", "{220C17BF-9F03-4028-B53C-D4B76DC407B0}"
	ProjectSection(ProjectDependencies) = postProject
		{A5272684-34F0-43A8-B18B-7CF670AE9A5C} = {A5272684-34F0-43A8-B18B-7CF670AE9A5C}
	EndProjectSection
EndProject
Project("{FAE04EC0-301F-11D3-BF4B-00C04F79EFBC}") = "Business.Services", "Business.Services\Business.Services.csproj", "{8050F653-96CC-485E-B648-B9026E564E04}"
	ProjectSection(ProjectDependencies) = postProject
		{220C17BF-9F03-4028-B53C-D4B76DC407B0} = {220C17BF-9F03-4028-B53C-D4B76DC407B0}
		{79CABEF3-45BC-4394-A180-AE7343F51B91} = {79CABEF3-45BC-4394-A180-AE7343F51B91}
		{A5272684-34F0-43A8-B18B-7CF670AE9A5C} = {A5272684-34F0-43A8-B18B-7CF670AE9A5C}
	EndProjectSection
EndProject
Project("{FAE04EC0-301F-11D3-BF4B-00C04F79EFBC}") = "Data.Access.EF", "Data.Access.EF\Data.Access.EF.csproj", "{FCE6F37E-52BC-42CB-8572-9F883EBBCD77}"
	ProjectSection(ProjectDependencies) = postProject
		{466EC207-F2EB-4855-9AC9-C1478BAF67E3} = {466EC207-F2EB-4855-9AC9-C1478BAF67E3}
		{79CABEF3-45BC-4394-A180-AE7343F51B91} = {79CABEF3-45BC-4394-A180-AE7343F51B91}
	EndProjectSection
EndProject
Project("{FAE04EC0-301F-11D3-BF4B-00C04F79EFBC}") = "Data.Access.Entities", "Data.Access.Entities\Data.Access.Entities.csproj", "{466EC207-F2EB-4855-9AC9-C1478BAF67E3}"
EndProject
Project("{FAE04EC0-301F-11D3-BF4B-00C04F79EFBC}") = "Data.Access.Interfaces", "Data.Access.Interfaces\Data.Access.Interfaces.csproj", "{79CABEF3-45BC-4394-A180-AE7343F51B91}"
	ProjectSection(ProjectDependencies) = postProject
		{466EC207-F2EB-4855-9AC9-C1478BAF67E3} = {466EC207-F2EB-4855-9AC9-C1478BAF67E3}
	EndProjectSection
EndProject
Project("{FAE04EC0-301F-11D3-BF4B-00C04F79EFBC}") = "Presentation.API", "Presentation.API\Presentation.API.csproj", "{2EEAF44F-7E27-F1F2-C8DB-6A7B7A4C2429}"
EndProject
Global
	GlobalSection(SolutionConfigurationPlatforms) = preSolution
		Debug|Any CPU = Debug|Any CPU
		Release|Any CPU = Release|Any CPU
	EndGlobalSection
	GlobalSection(ProjectConfigurationPlatforms) = postSolution
		{C6D5C68B-B0A1-4463-BB32-AE96FCC0C672}.Debug|Any CPU.ActiveCfg = Debug|Any CPU
		{C6D5C68B-B0A1-4463-BB32-AE96FCC0C672}.Debug|Any CPU.Build.0 = Debug|Any CPU
		{C6D5C68B-B0A1-4463-BB32-AE96FCC0C672}.Release|Any CPU.ActiveCfg = Release|Any CPU
		{C6D5C68B-B0A1-4463-BB32-AE96FCC0C672}.Release|Any CPU.Build.0 = Release|Any CPU
		{C03E6731-7FA0-41C1-AE14-690AFE0203AF}.Debug|Any CPU.ActiveCfg = Debug|Any CPU
		{C03E6731-7FA0-41C1-AE14-690AFE0203AF}.Debug|Any CPU.Build.0 = Debug|Any CPU
		{C03E6731-7FA0-41C1-AE14-690AFE0203AF}.Release|Any CPU.ActiveCfg = Release|Any CPU
		{C03E6731-7FA0-41C1-AE14-690AFE0203AF}.Release|Any CPU.Build.0 = Release|Any CPU
		{A5272684-34F0-43A8-B18B-7CF670AE9A5C}.Debug|Any CPU.ActiveCfg = Debug|Any CPU
		{A5272684-34F0-43A8-B18B-7CF670AE9A5C}.Debug|Any CPU.Build.0 = Debug|Any CPU
		{A5272684-34F0-43A8-B18B-7CF670AE9A5C}.Release|Any CPU.ActiveCfg = Release|Any CPU
		{A5272684-34F0-43A8-B18B-7CF670AE9A5C}.Release|Any CPU.Build.0 = Release|Any CPU
		{220C17BF-9F03-4028-B53C-D4B76DC407B0}.Debug|Any CPU.ActiveCfg = Debug|Any CPU
		{220C17BF-9F03-4028-B53C-D4B76DC407B0}.Debug|Any CPU.Build.0 = Debug|Any CPU
		{220C17BF-9F03-4028-B53C-D4B76DC407B0}.Release|Any CPU.ActiveCfg = Release|Any CPU
		{220C17BF-9F03-4028-B53C-D4B76DC407B0}.Release|Any CPU.Build.0 = Release|Any CPU
		{8050F653-96CC-485E-B648-B9026E564E04}.Debug|Any CPU.ActiveCfg = Debug|Any CPU
		{8050F653-96CC-485E-B648-B9026E564E04}.Debug|Any CPU.Build.0 = Debug|Any CPU
		{8050F653-96CC-485E-B648-B9026E564E04}.Release|Any CPU.ActiveCfg = Release|Any CPU
		{8050F653-96CC-485E-B648-B9026E564E04}.Release|Any CPU.Build.0 = Release|Any CPU
		{FCE6F37E-52BC-42CB-8572-9F883EBBCD77}.Debug|Any CPU.ActiveCfg = Debug|Any CPU
		{FCE6F37E-52BC-42CB-8572-9F883EBBCD77}.Debug|Any CPU.Build.0 = Debug|Any CPU
		{FCE6F37E-52BC-42CB-8572-9F883EBBCD77}.Release|Any CPU.ActiveCfg = Release|Any CPU
		{FCE6F37E-52BC-42CB-8572-9F883EBBCD77}.Release|Any CPU.Build.0 = Release|Any CPU
		{466EC207-F2EB-4855-9AC9-C1478BAF67E3}.Debug|Any CPU.ActiveCfg = Debug|Any CPU
		{466EC207-F2EB-4855-9AC9-C1478BAF67E3}.Debug|Any CPU.Build.0 = Debug|Any CPU
		{466EC207-F2EB-4855-9AC9-C1478BAF67E3}.Release|Any CPU.ActiveCfg = Release|Any CPU
		{466EC207-F2EB-4855-9AC9-C1478BAF67E3}.Release|Any CPU.Build.0 = Release|Any CPU
		{79CABEF3-45BC-4394-A180-AE7343F51B91}.Debug|Any CPU.ActiveCfg = Debug|Any CPU
		{79CABEF3-45BC-4394-A180-AE7343F51B91}.Debug|Any CPU.Build.0 = Debug|Any CPU
		{79CABEF3-45BC-4394-A180-AE7343F51B91}.Release|Any CPU.ActiveCfg = Release|Any CPU
		{79CABEF3-45BC-4394-A180-AE7343F51B91}.Release|Any CPU.Build.0 = Release|Any CPU
		{2EEAF44F-7E27-F1F2-C8DB-6A7B7A4C2429}.Debug|Any CPU.ActiveCfg = Debug|Any CPU
		{2EEAF44F-7E27-F1F2-C8DB-6A7B7A4C2429}.Debug|Any CPU.Build.0 = Debug|Any CPU
		{2EEAF44F-7E27-F1F2-C8DB-6A7B7A4C2429}.Release|Any CPU.ActiveCfg = Release|Any CPU
		{2EEAF44F-7E27-F1F2-C8DB-6A7B7A4C2429}.Release|Any CPU.Build.0 = Release|Any CPU
	EndGlobalSection
	GlobalSection(SolutionProperties) = preSolution
		HideSolutionNode = FALSE
	EndGlobalSection
	GlobalSection(NestedProjects) = preSolution
		{C6D5C68B-B0A1-4463-BB32-AE96FCC0C672} = {02EA681E-C7D8-13C7-8484-4AC65E1B71E8}
		{C03E6731-7FA0-41C1-AE14-690AFE0203AF} = {02EA681E-C7D8-13C7-8484-4AC65E1B71E8}
		{A5272684-34F0-43A8-B18B-7CF670AE9A5C} = {16EAE90C-B3D3-47F9-8107-F12587107D64}
		{220C17BF-9F03-4028-B53C-D4B76DC407B0} = {16EAE90C-B3D3-47F9-8107-F12587107D64}
		{8050F653-96CC-485E-B648-B9026E564E04} = {16EAE90C-B3D3-47F9-8107-F12587107D64}
		{FCE6F37E-52BC-42CB-8572-9F883EBBCD77} = {69BA233C-D6D9-49BE-84E5-6D05854C69CE}
		{466EC207-F2EB-4855-9AC9-C1478BAF67E3} = {69BA233C-D6D9-49BE-84E5-6D05854C69CE}
		{79CABEF3-45BC-4394-A180-AE7343F51B91} = {69BA233C-D6D9-49BE-84E5-6D05854C69CE}
		{2EEAF44F-7E27-F1F2-C8DB-6A7B7A4C2429} = {02EA681E-C7D8-13C7-8484-4AC65E1B71E8}
	EndGlobalSection
	GlobalSection(ExtensibilityGlobals) = postSolution
		SolutionGuid = {0378D626-789F-4CA3-8880-3A51FAC80ACF}
	EndGlobalSection
EndGlobal
